
Microsoft Visual Studio Solution File, Format Version 12.00
# Visual Studio Version 17
VisualStudioVersion = 17.6.33815.320
MinimumVisualStudioVersion = 10.0.40219.1
Project("{9A19103F-16F7-4668-BE54-9A1E7A4F7556}") = "Arex388.Climbo", "Arex388.Climbo\Arex388.Climbo.csproj", "{B8105DB6-9B3B-4BB8-ABBF-845A4AFB53BA}"
EndProject
Project("{2150E333-8FDC-42A3-9474-1A3956D46DE8}") = "Solution Items", "Solution Items", "{FB6EB400-1A35-4E74-AA75-A8646625CB38}"
	ProjectSection(SolutionItems) = preProject
		BENCHMARKS.md = BENCHMARKS.md
		CHANGELOG.md = CHANGELOG.md
		LICENSE = LICENSE
		README.md = README.md
	EndProjectSection
EndProject
Project("{FAE04EC0-301F-11D3-BF4B-00C04F79EFBC}") = "Arex388.Climbo.Benchmarks", "Arex388.Climbo.Benchmarks\Arex388.Climbo.Benchmarks.csproj", "{AB93A883-B810-4DAF-8CAE-084B675ACDE3}"
EndProject
Project("{FAE04EC0-301F-11D3-BF4B-00C04F79EFBC}") = "Arex388.Climbo.Tests", "Arex388.Climbo.Tests\Arex388.Climbo.Tests.csproj", "{9C2A5341-E821-477A-BFAC-B7A91DCBF7C5}"
EndProject
Global
	GlobalSection(SolutionConfigurationPlatforms) = preSolution
		Debug|Any CPU = Debug|Any CPU
		Release|Any CPU = Release|Any CPU
	EndGlobalSection
	GlobalSection(ProjectConfigurationPlatforms) = postSolution
		{B8105DB6-9B3B-4BB8-ABBF-845A4AFB53BA}.Debug|Any CPU.ActiveCfg = Debug|Any CPU
		{B8105DB6-9B3B-4BB8-ABBF-845A4AFB53BA}.Debug|Any CPU.Build.0 = Debug|Any CPU
		{B8105DB6-9B3B-4BB8-ABBF-845A4AFB53BA}.Release|Any CPU.ActiveCfg = Release|Any CPU
		{B8105DB6-9B3B-4BB8-ABBF-845A4AFB53BA}.Release|Any CPU.Build.0 = Release|Any CPU
		{AB93A883-B810-4DAF-8CAE-084B675ACDE3}.Debug|Any CPU.ActiveCfg = Debug|Any CPU
		{AB93A883-B810-4DAF-8CAE-084B675ACDE3}.Debug|Any CPU.Build.0 = Debug|Any CPU
		{AB93A883-B810-4DAF-8CAE-084B675ACDE3}.Release|Any CPU.ActiveCfg = Release|Any CPU
		{AB93A883-B810-4DAF-8CAE-084B675ACDE3}.Release|Any CPU.Build.0 = Release|Any CPU
		{9C2A5341-E821-477A-BFAC-B7A91DCBF7C5}.Debug|Any CPU.ActiveCfg = Debug|Any CPU
		{9C2A5341-E821-477A-BFAC-B7A91DCBF7C5}.Debug|Any CPU.Build.0 = Debug|Any CPU
		{9C2A5341-E821-477A-BFAC-B7A91DCBF7C5}.Release|Any CPU.ActiveCfg = Release|Any CPU
		{9C2A5341-E821-477A-BFAC-B7A91DCBF7C5}.Release|Any CPU.Build.0 = Release|Any CPU
	EndGlobalSection
	GlobalSection(SolutionProperties) = preSolution
		HideSolutionNode = FALSE
	EndGlobalSection
	GlobalSection(ExtensibilityGlobals) = postSolution
		SolutionGuid = {7D296143-AE22-4E2D-9357-BAA2BA77DD95}
	EndGlobalSection
EndGlobal
